<?xml version="1.0" encoding="utf-8"?>
<Project ToolsVersion="4.0" xmlns="http://schemas.microsoft.com/developer/msbuild/2003">
  <ItemGroup>
    <Filter Include="Source Files">
      <UniqueIdentifier>{4FC737F1-C7A5-4376-A066-2A32D752A2FF}</UniqueIdentifier>
      <Extensions>cpp;c;cc;cxx;c++;cppm;ixx;def;odl;idl;hpj;bat;asm;asmx</Extensions>
    </Filter>
    <Filter Include="Header Files">
      <UniqueIdentifier>{93995380-89BD-4b04-88EB-625FBE52EBFB}</UniqueIdentifier>
      <Extensions>h;hh;hpp;hxx;h++;hm;inl;inc;ipp;xsd</Extensions>
    </Filter>
    <Filter Include="Resource Files">
      <UniqueIdentifier>{67DA6AB6-F800-4c08-8B7A-83BB121AAD01}</UniqueIdentifier>
      <Extensions>rc;ico;cur;bmp;dlg;rc2;rct;bin;rgs;gif;jpg;jpeg;jpe;resx;tiff;tif;png;wav;mfcribbon-ms</Extensions>
    </Filter>
  </ItemGroup>
  <ItemGroup>
    <ClCompile Include="main.cpp">
      <Filter>Source Files</Filter>
    </ClCompile>
    <ClCompile Include="Wall\Wall.cpp">
      <Filter>Source Files</Filter>
    </ClCompile>
    <ClCompile Include="Level\Level.cpp">
      <Filter>Source Files</Filter>
    </ClCompile>
    <ClCompile Include="Level\LevelOne\LevelOne.cpp">
      <Filter>Source Files</Filter>
    </ClCompile>
    <ClCompile Include="Notes\Notes.cpp">
      <Filter>Source Files</Filter>
    </ClCompile>
    <ClCompile Include="Border\Border.cpp">
      <Filter>Source Files</Filter>
    </ClCompile>
    <ClCompile Include="Notes\FullNote\FullNote.cpp">
      <Filter>Source Files</Filter>
    </ClCompile>
    <ClCompile Include="Notes\HalfNote\HalfNote.cpp">
      <Filter>Source Files</Filter>
    </ClCompile>
    <ClCompile Include="Utilities\Collision\Collidable.cpp">
      <Filter>Source Files</Filter>
    </ClCompile>
    <ClCompile Include="Level\LevelTwo\LevelTwo.cpp">
      <Filter>Source Files</Filter>
    </ClCompile>
    <ClCompile Include="Notes\QuarterNote\QuarterNote.cpp">
      <Filter>Source Files</Filter>
    </ClCompile>
    <ClCompile Include="Level\LevelThree\LevelThree.cpp">
      <Filter>Source Files</Filter>
    </ClCompile>
    <ClCompile Include="Level\LevelFour\LevelFour.cpp">
      <Filter>Source Files</Filter>
    </ClCompile>
    <ClCompile Include="Level\LevelOneFinish\LevelOneFinish.cpp">
      <Filter>Source Files</Filter>
    </ClCompile>
    <ClCompile Include="Level\LevelTwoFinish\LevelTwoFinish.cpp">
      <Filter>Source Files</Filter>
    </ClCompile>
    <ClCompile Include="Level\LevelThreeFinish\LevelThreeFinish.cpp">
      <Filter>Source Files</Filter>
    </ClCompile>
    <ClCompile Include="Level\LevelFourFinish\LevelFourFinish.cpp">
      <Filter>Source Files</Filter>
    </ClCompile>
    <ClCompile Include="Level\EndGame\EndGame.cpp">
      <Filter>Source Files</Filter>
    </ClCompile>
    <ClCompile Include="Level\MainMenu\MainMenu.cpp">
      <Filter>Source Files</Filter>
    </ClCompile>
  </ItemGroup>
  <ItemGroup>
    <ClInclude Include="main.h">
      <Filter>Header Files</Filter>
    </ClInclude>
    <ClInclude Include="Wall\Wall.h">
      <Filter>Header Files</Filter>
    </ClInclude>
    <ClInclude Include="Level\Level.h">
      <Filter>Header Files</Filter>
    </ClInclude>
    <ClInclude Include="Level\LevelOne\LevelOne.h">
      <Filter>Header Files</Filter>
    </ClInclude>
    <ClInclude Include="Notes\Notes.h">
      <Filter>Header Files</Filter>
    </ClInclude>
    <ClInclude Include="Border\Border.h">
      <Filter>Header Files</Filter>
    </ClInclude>
    <ClInclude Include="Notes\FullNote\FullNote.h">
      <Filter>Header Files</Filter>
    </ClInclude>
    <ClInclude Include="Notes\HalfNote\HalfNote.h">
      <Filter>Header Files</Filter>
    </ClInclude>
    <ClInclude Include="Utilities\Collision\Collidable.h">
      <Filter>Header Files</Filter>
    </ClInclude>
    <ClInclude Include="Level\LevelTwo\LevelTwo.h">
      <Filter>Header Files</Filter>
    </ClInclude>
    <ClInclude Include="Notes\QuarterNote\QuarterNote.h">
      <Filter>Header Files</Filter>
    </ClInclude>
    <ClInclude Include="Level\LevelThree\LevelThree.h">
      <Filter>Header Files</Filter>
    </ClInclude>
    <ClInclude Include="Level\LevelFour\LevelFour.h">
      <Filter>Header Files</Filter>
    </ClInclude>
    <ClInclude Include="Level\LevelOneFinish\LevelOneFinish.h">
      <Filter>Header Files</Filter>
    </ClInclude>
    <ClInclude Include="Level\LevelTwoFinish\LevelTwoFinish.h">
      <Filter>Header Files</Filter>
    </ClInclude>
    <ClInclude Include="Level\LevelThreeFinish\LevelThreeFinish.h">
      <Filter>Header Files</Filter>
    </ClInclude>
    <ClInclude Include="Level\LevelFourFinish\LevelFourFinish.h">
      <Filter>Header Files</Filter>
    </ClInclude>
    <ClInclude Include="Level\EndGame\EndGame.h">
      <Filter>Header Files</Filter>
    </ClInclude>
    <ClInclude Include="Level\MainMenu\MainMenu.h">
      <Filter>Header Files</Filter>
    </ClInclude>
  </ItemGroup>
  <ItemGroup>
    <Image Include="Assets\eightnote-min.png">
      <Filter>Resource Files</Filter>
    </Image>
    <Image Include="Assets\halfnot.png">
      <Filter>Resource Files</Filter>
    </Image>
    <Image Include="Assets\halfnote-min.png">
      <Filter>Resource Files</Filter>
    </Image>
    <Image Include="Assets\note.png">
      <Filter>Resource Files</Filter>
    </Image>
    <Image Include="Assets\notes.png">
      <Filter>Resource Files</Filter>
    </Image>
    <Image Include="Assets\quarternote.png">
      <Filter>Resource Files</Filter>
    </Image>
    <Image Include="Assets\twoEightnotes-min.png">
      <Filter>Resource Files</Filter>
    </Image>
    <Image Include="Assets\wholenote.png">
      <Filter>Resource Files</Filter>
    </Image>
  </ItemGroup>
  <ItemGroup>
    <Font Include="Assets\Flowers.ttf" />
  </ItemGroup>
  <ItemGroup>
    <Media Include="Assets\Lilas.wav">
      <Filter>Resource Files</Filter>
    </Media>
  </ItemGroup>
  <ItemGroup>
    <None Include="ClassDiagram.cd" />
  </ItemGroup>
</Project>